
Microsoft Visual Studio Solution File, Format Version 12.00
# Visual Studio Express 15 for Windows Desktop
VisualStudioVersion = 15.0.28307.705
MinimumVisualStudioVersion = 10.0.40219.1
Project("{8BC9CEB8-8B4A-11D0-8D11-00A0C91BC942}") = "9251", "9251.vcxproj", "{FCDEE4FA-FCA4-4387-A396-D843F3703EDF}"
EndProject
Global
	GlobalSection(SolutionConfigurationPlatforms) = preSolution
		Debug|x64 = Debug|x64
		Debug|x86 = Debug|x86
		Release|x64 = Release|x64
		Release|x86 = Release|x86
	EndGlobalSection
	GlobalSection(ProjectConfigurationPlatforms) = postSolution
		{FCDEE4FA-FCA4-4387-A396-D843F3703EDF}.Debug|x64.ActiveCfg = Debug|x64
		{FCDEE4FA-FCA4-4387-A396-D843F3703EDF}.Debug|x64.Build.0 = Debug|x64
		{FCDEE4FA-FCA4-4387-A396-D843F3703EDF}.Debug|x86.ActiveCfg = Debug|Win32
		{FCDEE4FA-FCA4-4387-A396-D843F3703EDF}.Debug|x86.Build.0 = Debug|Win32
		{FCDEE4FA-FCA4-4387-A396-D843F3703EDF}.Release|x64.ActiveCfg = Release|x64
		{FCDEE4FA-FCA4-4387-A396-D843F3703EDF}.Release|x64.Build.0 = Release|x64
		{FCDEE4FA-FCA4-4387-A396-D843F3703EDF}.Release|x86.ActiveCfg = Release|Win32
		{FCDEE4FA-FCA4-4387-A396-D843F3703EDF}.Release|x86.Build.0 = Release|Win32
	EndGlobalSection
	GlobalSection(SolutionProperties) = preSolution
		HideSolutionNode = FALSE
	EndGlobalSection
	GlobalSection(ExtensibilityGlobals) = postSolution
		SolutionGuid = {0FF4A0C7-4067-4315-8314-836165C92434}
	EndGlobalSection
EndGlobal
