
Microsoft Visual Studio Solution File, Format Version 12.00
# Visual Studio Version 16
VisualStudioVersion = 16.0.29025.244
MinimumVisualStudioVersion = 10.0.40219.1
Project("{8BC9CEB8-8B4A-11D0-8D11-00A0C91BC942}") = "11725", "11725.vcxproj", "{217C9F27-369C-4E3F-9D36-21555E621C2A}"
EndProject
Global
	GlobalSection(SolutionConfigurationPlatforms) = preSolution
		Debug|x64 = Debug|x64
		Debug|x86 = Debug|x86
		Release|x64 = Release|x64
		Release|x86 = Release|x86
	EndGlobalSection
	GlobalSection(ProjectConfigurationPlatforms) = postSolution
		{217C9F27-369C-4E3F-9D36-21555E621C2A}.Debug|x64.ActiveCfg = Debug|x64
		{217C9F27-369C-4E3F-9D36-21555E621C2A}.Debug|x64.Build.0 = Debug|x64
		{217C9F27-369C-4E3F-9D36-21555E621C2A}.Debug|x86.ActiveCfg = Debug|Win32
		{217C9F27-369C-4E3F-9D36-21555E621C2A}.Debug|x86.Build.0 = Debug|Win32
		{217C9F27-369C-4E3F-9D36-21555E621C2A}.Release|x64.ActiveCfg = Release|x64
		{217C9F27-369C-4E3F-9D36-21555E621C2A}.Release|x64.Build.0 = Release|x64
		{217C9F27-369C-4E3F-9D36-21555E621C2A}.Release|x86.ActiveCfg = Release|Win32
		{217C9F27-369C-4E3F-9D36-21555E621C2A}.Release|x86.Build.0 = Release|Win32
	EndGlobalSection
	GlobalSection(SolutionProperties) = preSolution
		HideSolutionNode = FALSE
	EndGlobalSection
	GlobalSection(ExtensibilityGlobals) = postSolution
		SolutionGuid = {CCA595AD-E4B8-4D87-99FB-FA0475D4CFC1}
	EndGlobalSection
EndGlobal
