
Microsoft Visual Studio Solution File, Format Version 12.00
# Visual Studio 15
VisualStudioVersion = 15.0.26730.10
MinimumVisualStudioVersion = 10.0.40219.1
Project("{8BC9CEB8-8B4A-11D0-8D11-00A0C91BC942}") = "11650", "11650.vcxproj", "{DA9A7548-5702-4B93-A939-33E0C537EB00}"
EndProject
Global
	GlobalSection(SolutionConfigurationPlatforms) = preSolution
		Debug|x64 = Debug|x64
		Debug|x86 = Debug|x86
		Release|x64 = Release|x64
		Release|x86 = Release|x86
	EndGlobalSection
	GlobalSection(ProjectConfigurationPlatforms) = postSolution
		{DA9A7548-5702-4B93-A939-33E0C537EB00}.Debug|x64.ActiveCfg = Debug|x64
		{DA9A7548-5702-4B93-A939-33E0C537EB00}.Debug|x64.Build.0 = Debug|x64
		{DA9A7548-5702-4B93-A939-33E0C537EB00}.Debug|x86.ActiveCfg = Debug|Win32
		{DA9A7548-5702-4B93-A939-33E0C537EB00}.Debug|x86.Build.0 = Debug|Win32
		{DA9A7548-5702-4B93-A939-33E0C537EB00}.Release|x64.ActiveCfg = Release|x64
		{DA9A7548-5702-4B93-A939-33E0C537EB00}.Release|x64.Build.0 = Release|x64
		{DA9A7548-5702-4B93-A939-33E0C537EB00}.Release|x86.ActiveCfg = Release|Win32
		{DA9A7548-5702-4B93-A939-33E0C537EB00}.Release|x86.Build.0 = Release|Win32
	EndGlobalSection
	GlobalSection(SolutionProperties) = preSolution
		HideSolutionNode = FALSE
	EndGlobalSection
	GlobalSection(ExtensibilityGlobals) = postSolution
		SolutionGuid = {69E8D527-52B9-4D8A-9C62-4F9A9EFC8967}
	EndGlobalSection
EndGlobal
