
Microsoft Visual Studio Solution File, Format Version 12.00
# Visual Studio Version 16
VisualStudioVersion = 16.0.29709.97
MinimumVisualStudioVersion = 10.0.40219.1
Project("{8BC9CEB8-8B4A-11D0-8D11-00A0C91BC942}") = "18790", "18790.vcxproj", "{BCB22167-C3CD-4DC4-87C1-4D10E5664B00}"
EndProject
Global
	GlobalSection(SolutionConfigurationPlatforms) = preSolution
		Debug|x64 = Debug|x64
		Debug|x86 = Debug|x86
		Release|x64 = Release|x64
		Release|x86 = Release|x86
	EndGlobalSection
	GlobalSection(ProjectConfigurationPlatforms) = postSolution
		{BCB22167-C3CD-4DC4-87C1-4D10E5664B00}.Debug|x64.ActiveCfg = Debug|x64
		{BCB22167-C3CD-4DC4-87C1-4D10E5664B00}.Debug|x64.Build.0 = Debug|x64
		{BCB22167-C3CD-4DC4-87C1-4D10E5664B00}.Debug|x86.ActiveCfg = Debug|Win32
		{BCB22167-C3CD-4DC4-87C1-4D10E5664B00}.Debug|x86.Build.0 = Debug|Win32
		{BCB22167-C3CD-4DC4-87C1-4D10E5664B00}.Release|x64.ActiveCfg = Release|x64
		{BCB22167-C3CD-4DC4-87C1-4D10E5664B00}.Release|x64.Build.0 = Release|x64
		{BCB22167-C3CD-4DC4-87C1-4D10E5664B00}.Release|x86.ActiveCfg = Release|Win32
		{BCB22167-C3CD-4DC4-87C1-4D10E5664B00}.Release|x86.Build.0 = Release|Win32
	EndGlobalSection
	GlobalSection(SolutionProperties) = preSolution
		HideSolutionNode = FALSE
	EndGlobalSection
	GlobalSection(ExtensibilityGlobals) = postSolution
		SolutionGuid = {068E2242-7659-46C1-BDE0-3E1AA956D8ED}
	EndGlobalSection
EndGlobal
