
Microsoft Visual Studio Solution File, Format Version 12.00
# Visual Studio Version 16
VisualStudioVersion = 16.0.29025.244
MinimumVisualStudioVersion = 10.0.40219.1
Project("{8BC9CEB8-8B4A-11D0-8D11-00A0C91BC942}") = "1866", "1866.vcxproj", "{0D2855EE-3523-4051-AF48-427CE3230961}"
EndProject
Global
	GlobalSection(SolutionConfigurationPlatforms) = preSolution
		Debug|x64 = Debug|x64
		Debug|x86 = Debug|x86
		Release|x64 = Release|x64
		Release|x86 = Release|x86
	EndGlobalSection
	GlobalSection(ProjectConfigurationPlatforms) = postSolution
		{0D2855EE-3523-4051-AF48-427CE3230961}.Debug|x64.ActiveCfg = Debug|x64
		{0D2855EE-3523-4051-AF48-427CE3230961}.Debug|x64.Build.0 = Debug|x64
		{0D2855EE-3523-4051-AF48-427CE3230961}.Debug|x86.ActiveCfg = Debug|Win32
		{0D2855EE-3523-4051-AF48-427CE3230961}.Debug|x86.Build.0 = Debug|Win32
		{0D2855EE-3523-4051-AF48-427CE3230961}.Release|x64.ActiveCfg = Release|x64
		{0D2855EE-3523-4051-AF48-427CE3230961}.Release|x64.Build.0 = Release|x64
		{0D2855EE-3523-4051-AF48-427CE3230961}.Release|x86.ActiveCfg = Release|Win32
		{0D2855EE-3523-4051-AF48-427CE3230961}.Release|x86.Build.0 = Release|Win32
	EndGlobalSection
	GlobalSection(SolutionProperties) = preSolution
		HideSolutionNode = FALSE
	EndGlobalSection
	GlobalSection(ExtensibilityGlobals) = postSolution
		SolutionGuid = {140DED62-DAE2-43C9-B6AE-CB180A6BD1B1}
	EndGlobalSection
EndGlobal
