
Microsoft Visual Studio Solution File, Format Version 12.00
# Visual Studio 15
VisualStudioVersion = 15.0.26730.16
MinimumVisualStudioVersion = 10.0.40219.1
Project("{8BC9CEB8-8B4A-11D0-8D11-00A0C91BC942}") = "4948", "4948.vcxproj", "{A84859B3-D442-4056-B3AD-D6832731AD89}"
EndProject
Global
	GlobalSection(SolutionConfigurationPlatforms) = preSolution
		Debug|x64 = Debug|x64
		Debug|x86 = Debug|x86
		Release|x64 = Release|x64
		Release|x86 = Release|x86
	EndGlobalSection
	GlobalSection(ProjectConfigurationPlatforms) = postSolution
		{A84859B3-D442-4056-B3AD-D6832731AD89}.Debug|x64.ActiveCfg = Debug|x64
		{A84859B3-D442-4056-B3AD-D6832731AD89}.Debug|x64.Build.0 = Debug|x64
		{A84859B3-D442-4056-B3AD-D6832731AD89}.Debug|x86.ActiveCfg = Debug|Win32
		{A84859B3-D442-4056-B3AD-D6832731AD89}.Debug|x86.Build.0 = Debug|Win32
		{A84859B3-D442-4056-B3AD-D6832731AD89}.Release|x64.ActiveCfg = Release|x64
		{A84859B3-D442-4056-B3AD-D6832731AD89}.Release|x64.Build.0 = Release|x64
		{A84859B3-D442-4056-B3AD-D6832731AD89}.Release|x86.ActiveCfg = Release|Win32
		{A84859B3-D442-4056-B3AD-D6832731AD89}.Release|x86.Build.0 = Release|Win32
	EndGlobalSection
	GlobalSection(SolutionProperties) = preSolution
		HideSolutionNode = FALSE
	EndGlobalSection
	GlobalSection(ExtensibilityGlobals) = postSolution
		SolutionGuid = {4BC874DC-41B7-4301-A436-8BB15128D5D2}
	EndGlobalSection
EndGlobal
